
Microsoft Visual Studio Solution File, Format Version 12.00
# Visual Studio 15
VisualStudioVersion = 15.0.28307.779
MinimumVisualStudioVersion = 10.0.40219.1
Project("{8BC9CEB8-8B4A-11D0-8D11-00A0C91BC942}") = "ConsoleApplication2", "ConsoleApplication2\ConsoleApplication2.vcxproj", "{E8F16B1E-6CEA-4576-8210-7A2388464D17}"
EndProject
Global
	GlobalSection(SolutionConfigurationPlatforms) = preSolution
		Debug|x64 = Debug|x64
		Debug|x86 = Debug|x86
		Release|x64 = Release|x64
		Release|x86 = Release|x86
	EndGlobalSection
	GlobalSection(ProjectConfigurationPlatforms) = postSolution
		{E8F16B1E-6CEA-4576-8210-7A2388464D17}.Debug|x64.ActiveCfg = Debug|x64
		{E8F16B1E-6CEA-4576-8210-7A2388464D17}.Debug|x64.Build.0 = Debug|x64
		{E8F16B1E-6CEA-4576-8210-7A2388464D17}.Debug|x86.ActiveCfg = Debug|Win32
		{E8F16B1E-6CEA-4576-8210-7A2388464D17}.Debug|x86.Build.0 = Debug|Win32
		{E8F16B1E-6CEA-4576-8210-7A2388464D17}.Release|x64.ActiveCfg = Release|x64
		{E8F16B1E-6CEA-4576-8210-7A2388464D17}.Release|x64.Build.0 = Release|x64
		{E8F16B1E-6CEA-4576-8210-7A2388464D17}.Release|x86.ActiveCfg = Release|Win32
		{E8F16B1E-6CEA-4576-8210-7A2388464D17}.Release|x86.Build.0 = Release|Win32
	EndGlobalSection
	GlobalSection(SolutionProperties) = preSolution
		HideSolutionNode = FALSE
	EndGlobalSection
	GlobalSection(ExtensibilityGlobals) = postSolution
		SolutionGuid = {0DDB8C26-0C96-45BA-8197-59FD277F912F}
	EndGlobalSection
EndGlobal
