
Microsoft Visual Studio Solution File, Format Version 12.00
# Visual Studio Version 16
VisualStudioVersion = 16.0.31025.218
MinimumVisualStudioVersion = 10.0.40219.1
Project("{8BC9CEB8-8B4A-11D0-8D11-00A0C91BC942}") = "Project19", "Project19\Project19.vcxproj", "{91654890-C321-48B5-A159-690D51EB743A}"
EndProject
Global
	GlobalSection(SolutionConfigurationPlatforms) = preSolution
		Debug|x64 = Debug|x64
		Debug|x86 = Debug|x86
		Release|x64 = Release|x64
		Release|x86 = Release|x86
	EndGlobalSection
	GlobalSection(ProjectConfigurationPlatforms) = postSolution
		{91654890-C321-48B5-A159-690D51EB743A}.Debug|x64.ActiveCfg = Debug|x64
		{91654890-C321-48B5-A159-690D51EB743A}.Debug|x64.Build.0 = Debug|x64
		{91654890-C321-48B5-A159-690D51EB743A}.Debug|x86.ActiveCfg = Debug|Win32
		{91654890-C321-48B5-A159-690D51EB743A}.Debug|x86.Build.0 = Debug|Win32
		{91654890-C321-48B5-A159-690D51EB743A}.Release|x64.ActiveCfg = Release|x64
		{91654890-C321-48B5-A159-690D51EB743A}.Release|x64.Build.0 = Release|x64
		{91654890-C321-48B5-A159-690D51EB743A}.Release|x86.ActiveCfg = Release|Win32
		{91654890-C321-48B5-A159-690D51EB743A}.Release|x86.Build.0 = Release|Win32
	EndGlobalSection
	GlobalSection(SolutionProperties) = preSolution
		HideSolutionNode = FALSE
	EndGlobalSection
	GlobalSection(ExtensibilityGlobals) = postSolution
		SolutionGuid = {36346157-17E9-4470-BB82-AA4463283864}
	EndGlobalSection
EndGlobal
